
Microsoft Visual Studio Solution File, Format Version 12.00
# Visual Studio Version 17
VisualStudioVersion = 17.11.35312.102
MinimumVisualStudioVersion = 10.0.40219.1
Project("{FAE04EC0-301F-11D3-BF4B-00C04F79EFBC}") = "kurss", "kurss\kurss.csproj", "{3CC442D1-8FF8-4F01-B338-9498DB5D793D}"
EndProject
Global
	GlobalSection(SolutionConfigurationPlatforms) = preSolution
		Debug|Any CPU = Debug|Any CPU
		Release|Any CPU = Release|Any CPU
	EndGlobalSection
	GlobalSection(ProjectConfigurationPlatforms) = postSolution
		{3CC442D1-8FF8-4F01-B338-9498DB5D793D}.Debug|Any CPU.ActiveCfg = Debug|Any CPU
		{3CC442D1-8FF8-4F01-B338-9498DB5D793D}.Debug|Any CPU.Build.0 = Debug|Any CPU
		{3CC442D1-8FF8-4F01-B338-9498DB5D793D}.Release|Any CPU.ActiveCfg = Release|Any CPU
		{3CC442D1-8FF8-4F01-B338-9498DB5D793D}.Release|Any CPU.Build.0 = Release|Any CPU
	EndGlobalSection
	GlobalSection(SolutionProperties) = preSolution
		HideSolutionNode = FALSE
	EndGlobalSection
	GlobalSection(ExtensibilityGlobals) = postSolution
		SolutionGuid = {70B8FAD9-24FC-45A8-B6BD-991E7EC2365F}
	EndGlobalSection
EndGlobal
